
Microsoft Visual Studio Solution File, Format Version 12.00
# Visual Studio Version 16
VisualStudioVersion = 16.0.31005.135
MinimumVisualStudioVersion = 10.0.40219.1
Project("{FAE04EC0-301F-11D3-BF4B-00C04F79EFBC}") = "MeshExportGLTF", "MeshExportGLTF.csproj", "{A60812F7-EEC9-4303-A392-AB62F322ECF4}"
EndProject
Global
	GlobalSection(SolutionConfigurationPlatforms) = preSolution
		Debug|Any CPU = Debug|Any CPU
		Release|Any CPU = Release|Any CPU
	EndGlobalSection
	GlobalSection(ProjectConfigurationPlatforms) = postSolution
		{A60812F7-EEC9-4303-A392-AB62F322ECF4}.Debug|Any CPU.ActiveCfg = Debug|Any CPU
		{A60812F7-EEC9-4303-A392-AB62F322ECF4}.Debug|Any CPU.Build.0 = Debug|Any CPU
		{A60812F7-EEC9-4303-A392-AB62F322ECF4}.Release|Any CPU.ActiveCfg = Release|Any CPU
		{A60812F7-EEC9-4303-A392-AB62F322ECF4}.Release|Any CPU.Build.0 = Release|Any CPU
	EndGlobalSection
	GlobalSection(SolutionProperties) = preSolution
		HideSolutionNode = FALSE
	EndGlobalSection
	GlobalSection(ExtensibilityGlobals) = postSolution
		SolutionGuid = {5A5E974F-DD49-485B-9F38-5E323F5D38A4}
	EndGlobalSection
EndGlobal
