
Microsoft Visual Studio Solution File, Format Version 12.00
# Visual Studio Version 16
VisualStudioVersion = 16.0.30907.101
MinimumVisualStudioVersion = 10.0.40219.1
Project("{FAE04EC0-301F-11D3-BF4B-00C04F79EFBC}") = "MeshExportASCII", "MeshExportASCII.csproj", "{A22C95BD-FB74-41A8-AB04-2F00123456FB}"
EndProject
Global
	GlobalSection(SolutionConfigurationPlatforms) = preSolution
		Debug|Any CPU = Debug|Any CPU
		Release|Any CPU = Release|Any CPU
	EndGlobalSection
	GlobalSection(ProjectConfigurationPlatforms) = postSolution
		{A22C95BD-FB74-41A8-AB04-2F00123456FB}.Debug|Any CPU.ActiveCfg = Debug|Any CPU
		{A22C95BD-FB74-41A8-AB04-2F00123456FB}.Debug|Any CPU.Build.0 = Debug|Any CPU
		{A22C95BD-FB74-41A8-AB04-2F00123456FB}.Release|Any CPU.ActiveCfg = Release|Any CPU
		{A22C95BD-FB74-41A8-AB04-2F00123456FB}.Release|Any CPU.Build.0 = Release|Any CPU
	EndGlobalSection
	GlobalSection(SolutionProperties) = preSolution
		HideSolutionNode = FALSE
	EndGlobalSection
	GlobalSection(ExtensibilityGlobals) = postSolution
		SolutionGuid = {37641BC1-2D47-4348-9D82-63AE15870CCA}
	EndGlobalSection
EndGlobal
