
Microsoft Visual Studio Solution File, Format Version 12.00
# Visual Studio Version 16
VisualStudioVersion = 16.0.31321.278
MinimumVisualStudioVersion = 10.0.40219.1
Project("{9A19103F-16F7-4668-BE54-9A1E7A4F7556}") = "OpusToolZ", "OpusToolZ.csproj", "{64156AA7-AC7F-4421-BB1A-E5D637CEA153}"
EndProject
Global
	GlobalSection(SolutionConfigurationPlatforms) = preSolution
		Debug|Any CPU = Debug|Any CPU
		Release|Any CPU = Release|Any CPU
	EndGlobalSection
	GlobalSection(ProjectConfigurationPlatforms) = postSolution
		{64156AA7-AC7F-4421-BB1A-E5D637CEA153}.Debug|Any CPU.ActiveCfg = Release|Any CPU
		{64156AA7-AC7F-4421-BB1A-E5D637CEA153}.Debug|Any CPU.Build.0 = Release|Any CPU
		{64156AA7-AC7F-4421-BB1A-E5D637CEA153}.Release|Any CPU.ActiveCfg = Release|Any CPU
		{64156AA7-AC7F-4421-BB1A-E5D637CEA153}.Release|Any CPU.Build.0 = Release|Any CPU
	EndGlobalSection
	GlobalSection(SolutionProperties) = preSolution
		HideSolutionNode = FALSE
	EndGlobalSection
	GlobalSection(ExtensibilityGlobals) = postSolution
		SolutionGuid = {098DC86D-162F-41A0-9D76-B358B69A5ABC}
	EndGlobalSection
EndGlobal
